
Microsoft Visual Studio Solution File, Format Version 12.00
# Visual Studio Version 17
VisualStudioVersion = 17.8.34511.84
MinimumVisualStudioVersion = 10.0.40219.1
Project("{8BC9CEB8-8B4A-11D0-8D11-00A0C91BC942}") = "C++ Operator Overloading Intro", "C++ Operator Overloading Intro\C++ Operator Overloading Intro.vcxproj", "{321B9849-6140-4105-B21F-8DCEC20F8144}"
EndProject
Global
	GlobalSection(SolutionConfigurationPlatforms) = preSolution
		Debug|x64 = Debug|x64
		Debug|x86 = Debug|x86
		Release|x64 = Release|x64
		Release|x86 = Release|x86
	EndGlobalSection
	GlobalSection(ProjectConfigurationPlatforms) = postSolution
		{321B9849-6140-4105-B21F-8DCEC20F8144}.Debug|x64.ActiveCfg = Debug|x64
		{321B9849-6140-4105-B21F-8DCEC20F8144}.Debug|x64.Build.0 = Debug|x64
		{321B9849-6140-4105-B21F-8DCEC20F8144}.Debug|x86.ActiveCfg = Debug|Win32
		{321B9849-6140-4105-B21F-8DCEC20F8144}.Debug|x86.Build.0 = Debug|Win32
		{321B9849-6140-4105-B21F-8DCEC20F8144}.Release|x64.ActiveCfg = Release|x64
		{321B9849-6140-4105-B21F-8DCEC20F8144}.Release|x64.Build.0 = Release|x64
		{321B9849-6140-4105-B21F-8DCEC20F8144}.Release|x86.ActiveCfg = Release|Win32
		{321B9849-6140-4105-B21F-8DCEC20F8144}.Release|x86.Build.0 = Release|Win32
	EndGlobalSection
	GlobalSection(SolutionProperties) = preSolution
		HideSolutionNode = FALSE
	EndGlobalSection
	GlobalSection(ExtensibilityGlobals) = postSolution
		SolutionGuid = {B16C052E-C626-48C7-87E5-2B932E6C0175}
	EndGlobalSection
EndGlobal
